
Microsoft Visual Studio Solution File, Format Version 12.00
# Visual Studio Version 17
VisualStudioVersion = 17.7.34202.233
MinimumVisualStudioVersion = 10.0.40219.1
Project("{FAE04EC0-301F-11D3-BF4B-00C04F79EFBC}") = "LibraryManagementSystemApplication", "LibraryManagementSystemApplication\LibraryManagementSystemApplication.csproj", "{0FB024FE-1C48-4F94-8426-8838C8CFAC68}"
EndProject
Global
	GlobalSection(SolutionConfigurationPlatforms) = preSolution
		Debug|Any CPU = Debug|Any CPU
		Release|Any CPU = Release|Any CPU
	EndGlobalSection
	GlobalSection(ProjectConfigurationPlatforms) = postSolution
		{0FB024FE-1C48-4F94-8426-8838C8CFAC68}.Debug|Any CPU.ActiveCfg = Debug|Any CPU
		{0FB024FE-1C48-4F94-8426-8838C8CFAC68}.Debug|Any CPU.Build.0 = Debug|Any CPU
		{0FB024FE-1C48-4F94-8426-8838C8CFAC68}.Release|Any CPU.ActiveCfg = Release|Any CPU
		{0FB024FE-1C48-4F94-8426-8838C8CFAC68}.Release|Any CPU.Build.0 = Release|Any CPU
	EndGlobalSection
	GlobalSection(SolutionProperties) = preSolution
		HideSolutionNode = FALSE
	EndGlobalSection
	GlobalSection(ExtensibilityGlobals) = postSolution
		SolutionGuid = {B756AECE-39EA-4D1A-8546-2EC0C6E3138E}
	EndGlobalSection
EndGlobal
